
Microsoft Visual Studio Solution File, Format Version 12.00
# Visual Studio Version 17
VisualStudioVersion = 17.7.34009.444
MinimumVisualStudioVersion = 10.0.40219.1
Project("{9A19103F-16F7-4668-BE54-9A1E7A4F7556}") = "Devis-Publisher", "Publisher\Devis-Publisher.csproj", "{FBF49590-851F-437F-96B8-0721164043EC}"
EndProject
Project("{9A19103F-16F7-4668-BE54-9A1E7A4F7556}") = "Devis-Consumer", "Consumer-Devis\Devis-Consumer.csproj", "{86B1F423-D60F-45E5-8585-AE985080B29B}"
EndProject
Project("{E53339B2-1760-4266-BCC7-CA923CBCF16C}") = "docker-compose", "docker-compose.dcproj", "{C0FFDF47-0D6E-4003-B602-5011367E83BA}"
EndProject
Project("{2150E333-8FDC-42A3-9474-1A3956D46DE8}") = "POC-1", "POC-1", "{BF8E5E2D-D149-49FB-AE11-6446B1294492}"
EndProject
Project("{2150E333-8FDC-42A3-9474-1A3956D46DE8}") = "POC-EventHub", "POC-EventHub", "{BC9B732D-7000-429E-AC65-A8C7AC6465C9}"
EndProject
Project("{2150E333-8FDC-42A3-9474-1A3956D46DE8}") = "POC-MessageBus", "POC-MessageBus", "{72889FB3-0654-4EB8-9E64-5AE7273C794F}"
EndProject
Project("{FAE04EC0-301F-11D3-BF4B-00C04F79EFBC}") = "SendToDevisDomain", "SendToDevisDomain\SendToDevisDomain.csproj", "{76B7AB63-B072-451B-8C3B-551894BB03E7}"
EndProject
Project("{FAE04EC0-301F-11D3-BF4B-00C04F79EFBC}") = "WorksiteWorker", "WorksiteWorker\WorksiteWorker.csproj", "{A1790268-E179-4826-B16D-75A05943464B}"
EndProject
Project("{FAE04EC0-301F-11D3-BF4B-00C04F79EFBC}") = "BillingWorker", "BillingWorker\BillingWorker.csproj", "{AEB70A5F-94AD-415A-B6CF-EF587BC4F740}"
EndProject
Project("{FAE04EC0-301F-11D3-BF4B-00C04F79EFBC}") = "EstimatesWorker", "EstimatesWorker\EstimatesWorker.csproj", "{6DF82E3F-4359-4441-970A-D7E7A8EFBE28}"
EndProject
Project("{FAE04EC0-301F-11D3-BF4B-00C04F79EFBC}") = "Shared", "Shared\Shared.csproj", "{DEB3DD02-88E1-42AC-90F6-B7D524DA7C75}"
EndProject
Project("{FAE04EC0-301F-11D3-BF4B-00C04F79EFBC}") = "BilllingApp", "BilllingApp\BilllingApp.csproj", "{AFDC6B3C-24C7-469C-9421-E727C3F35557}"
EndProject
Project("{FAE04EC0-301F-11D3-BF4B-00C04F79EFBC}") = "EstimatesApp", "EstimatesApp\EstimatesApp.csproj", "{CCA70A57-AB76-4470-A247-52799F713618}"
EndProject
Project("{FAE04EC0-301F-11D3-BF4B-00C04F79EFBC}") = "WorksiteApp", "WorksiteApp\WorksiteApp.csproj", "{3F2C5529-6D30-4149-9036-6647E1900EDD}"
EndProject
Project("{FAE04EC0-301F-11D3-BF4B-00C04F79EFBC}") = "MessageBusShared", "MessageBusShared\MessageBusShared.csproj", "{86753DC5-0425-4051-828C-2E4AEF6184A4}"
EndProject
Global
	GlobalSection(SolutionConfigurationPlatforms) = preSolution
		Debug|Any CPU = Debug|Any CPU
		Release|Any CPU = Release|Any CPU
	EndGlobalSection
	GlobalSection(ProjectConfigurationPlatforms) = postSolution
		{FBF49590-851F-437F-96B8-0721164043EC}.Debug|Any CPU.ActiveCfg = Debug|Any CPU
		{FBF49590-851F-437F-96B8-0721164043EC}.Debug|Any CPU.Build.0 = Debug|Any CPU
		{FBF49590-851F-437F-96B8-0721164043EC}.Release|Any CPU.ActiveCfg = Release|Any CPU
		{FBF49590-851F-437F-96B8-0721164043EC}.Release|Any CPU.Build.0 = Release|Any CPU
		{86B1F423-D60F-45E5-8585-AE985080B29B}.Debug|Any CPU.ActiveCfg = Debug|Any CPU
		{86B1F423-D60F-45E5-8585-AE985080B29B}.Debug|Any CPU.Build.0 = Debug|Any CPU
		{86B1F423-D60F-45E5-8585-AE985080B29B}.Release|Any CPU.ActiveCfg = Release|Any CPU
		{86B1F423-D60F-45E5-8585-AE985080B29B}.Release|Any CPU.Build.0 = Release|Any CPU
		{C0FFDF47-0D6E-4003-B602-5011367E83BA}.Debug|Any CPU.ActiveCfg = Debug|Any CPU
		{C0FFDF47-0D6E-4003-B602-5011367E83BA}.Debug|Any CPU.Build.0 = Debug|Any CPU
		{C0FFDF47-0D6E-4003-B602-5011367E83BA}.Release|Any CPU.ActiveCfg = Release|Any CPU
		{C0FFDF47-0D6E-4003-B602-5011367E83BA}.Release|Any CPU.Build.0 = Release|Any CPU
		{76B7AB63-B072-451B-8C3B-551894BB03E7}.Debug|Any CPU.ActiveCfg = Debug|Any CPU
		{76B7AB63-B072-451B-8C3B-551894BB03E7}.Debug|Any CPU.Build.0 = Debug|Any CPU
		{76B7AB63-B072-451B-8C3B-551894BB03E7}.Release|Any CPU.ActiveCfg = Release|Any CPU
		{76B7AB63-B072-451B-8C3B-551894BB03E7}.Release|Any CPU.Build.0 = Release|Any CPU
		{A1790268-E179-4826-B16D-75A05943464B}.Debug|Any CPU.ActiveCfg = Debug|Any CPU
		{A1790268-E179-4826-B16D-75A05943464B}.Debug|Any CPU.Build.0 = Debug|Any CPU
		{A1790268-E179-4826-B16D-75A05943464B}.Release|Any CPU.ActiveCfg = Release|Any CPU
		{A1790268-E179-4826-B16D-75A05943464B}.Release|Any CPU.Build.0 = Release|Any CPU
		{AEB70A5F-94AD-415A-B6CF-EF587BC4F740}.Debug|Any CPU.ActiveCfg = Debug|Any CPU
		{AEB70A5F-94AD-415A-B6CF-EF587BC4F740}.Debug|Any CPU.Build.0 = Debug|Any CPU
		{AEB70A5F-94AD-415A-B6CF-EF587BC4F740}.Release|Any CPU.ActiveCfg = Release|Any CPU
		{AEB70A5F-94AD-415A-B6CF-EF587BC4F740}.Release|Any CPU.Build.0 = Release|Any CPU
		{6DF82E3F-4359-4441-970A-D7E7A8EFBE28}.Debug|Any CPU.ActiveCfg = Debug|Any CPU
		{6DF82E3F-4359-4441-970A-D7E7A8EFBE28}.Debug|Any CPU.Build.0 = Debug|Any CPU
		{6DF82E3F-4359-4441-970A-D7E7A8EFBE28}.Release|Any CPU.ActiveCfg = Release|Any CPU
		{6DF82E3F-4359-4441-970A-D7E7A8EFBE28}.Release|Any CPU.Build.0 = Release|Any CPU
		{DEB3DD02-88E1-42AC-90F6-B7D524DA7C75}.Debug|Any CPU.ActiveCfg = Debug|Any CPU
		{DEB3DD02-88E1-42AC-90F6-B7D524DA7C75}.Debug|Any CPU.Build.0 = Debug|Any CPU
		{DEB3DD02-88E1-42AC-90F6-B7D524DA7C75}.Release|Any CPU.ActiveCfg = Release|Any CPU
		{DEB3DD02-88E1-42AC-90F6-B7D524DA7C75}.Release|Any CPU.Build.0 = Release|Any CPU
		{AFDC6B3C-24C7-469C-9421-E727C3F35557}.Debug|Any CPU.ActiveCfg = Debug|Any CPU
		{AFDC6B3C-24C7-469C-9421-E727C3F35557}.Debug|Any CPU.Build.0 = Debug|Any CPU
		{AFDC6B3C-24C7-469C-9421-E727C3F35557}.Release|Any CPU.ActiveCfg = Release|Any CPU
		{AFDC6B3C-24C7-469C-9421-E727C3F35557}.Release|Any CPU.Build.0 = Release|Any CPU
		{CCA70A57-AB76-4470-A247-52799F713618}.Debug|Any CPU.ActiveCfg = Debug|Any CPU
		{CCA70A57-AB76-4470-A247-52799F713618}.Debug|Any CPU.Build.0 = Debug|Any CPU
		{CCA70A57-AB76-4470-A247-52799F713618}.Release|Any CPU.ActiveCfg = Release|Any CPU
		{CCA70A57-AB76-4470-A247-52799F713618}.Release|Any CPU.Build.0 = Release|Any CPU
		{3F2C5529-6D30-4149-9036-6647E1900EDD}.Debug|Any CPU.ActiveCfg = Debug|Any CPU
		{3F2C5529-6D30-4149-9036-6647E1900EDD}.Debug|Any CPU.Build.0 = Debug|Any CPU
		{3F2C5529-6D30-4149-9036-6647E1900EDD}.Release|Any CPU.ActiveCfg = Release|Any CPU
		{3F2C5529-6D30-4149-9036-6647E1900EDD}.Release|Any CPU.Build.0 = Release|Any CPU
		{86753DC5-0425-4051-828C-2E4AEF6184A4}.Debug|Any CPU.ActiveCfg = Debug|Any CPU
		{86753DC5-0425-4051-828C-2E4AEF6184A4}.Debug|Any CPU.Build.0 = Debug|Any CPU
		{86753DC5-0425-4051-828C-2E4AEF6184A4}.Release|Any CPU.ActiveCfg = Release|Any CPU
		{86753DC5-0425-4051-828C-2E4AEF6184A4}.Release|Any CPU.Build.0 = Release|Any CPU
	EndGlobalSection
	GlobalSection(SolutionProperties) = preSolution
		HideSolutionNode = FALSE
	EndGlobalSection
	GlobalSection(NestedProjects) = preSolution
		{FBF49590-851F-437F-96B8-0721164043EC} = {BF8E5E2D-D149-49FB-AE11-6446B1294492}
		{86B1F423-D60F-45E5-8585-AE985080B29B} = {BF8E5E2D-D149-49FB-AE11-6446B1294492}
		{C0FFDF47-0D6E-4003-B602-5011367E83BA} = {BF8E5E2D-D149-49FB-AE11-6446B1294492}
		{76B7AB63-B072-451B-8C3B-551894BB03E7} = {BF8E5E2D-D149-49FB-AE11-6446B1294492}
		{A1790268-E179-4826-B16D-75A05943464B} = {BC9B732D-7000-429E-AC65-A8C7AC6465C9}
		{AEB70A5F-94AD-415A-B6CF-EF587BC4F740} = {BC9B732D-7000-429E-AC65-A8C7AC6465C9}
		{6DF82E3F-4359-4441-970A-D7E7A8EFBE28} = {BC9B732D-7000-429E-AC65-A8C7AC6465C9}
		{DEB3DD02-88E1-42AC-90F6-B7D524DA7C75} = {BC9B732D-7000-429E-AC65-A8C7AC6465C9}
		{AFDC6B3C-24C7-469C-9421-E727C3F35557} = {72889FB3-0654-4EB8-9E64-5AE7273C794F}
		{CCA70A57-AB76-4470-A247-52799F713618} = {72889FB3-0654-4EB8-9E64-5AE7273C794F}
		{3F2C5529-6D30-4149-9036-6647E1900EDD} = {72889FB3-0654-4EB8-9E64-5AE7273C794F}
		{86753DC5-0425-4051-828C-2E4AEF6184A4} = {72889FB3-0654-4EB8-9E64-5AE7273C794F}
	EndGlobalSection
	GlobalSection(ExtensibilityGlobals) = postSolution
		SolutionGuid = {1A256146-AB98-450A-B102-A9A4CFC81A18}
	EndGlobalSection
EndGlobal
